{
  "name": "devops",
  "version": "1.0.0",
  "lockfileVersion": 1,
  "requires": true,
  "dependencies": {
    "slack": {
      "version": "11.0.2",
      "resolved": "https://registry.npmjs.org/slack/-/slack-11.0.2.tgz",
      "integrity": "sha512-rv842+S+AGyZCmMMd8xPtW5DvJ9LzWTAKfxi8Gw57oYlXgcKtFuHd4nqk6lTPpRKdUGn3tx/Drd0rjQR3dQPqw==",
      "requires": {
        "tiny-json-http": "^7.0.2"
      }
    },
    "tiny-json-http": {
      "version": "7.3.1",
      "resolved": "https://registry.npmjs.org/tiny-json-http/-/tiny-json-http-7.3.1.tgz",
      "integrity": "sha512-sgt6ABJnNftz8itxjVwyrKZsk+Dy62uXPR/ryeQ8wxC3sB6UCaz+3mrzKbZdu5DoyzEa/bpHMVkqsTCvuPaDNg=="
    }
  }
}
